
Microsoft Visual Studio Solution File, Format Version 12.00
# Visual Studio Version 17
VisualStudioVersion = 17.0.31423.177
MinimumVisualStudioVersion = 10.0.40219.1
Project("{8BC9CEB8-8B4A-11D0-8D11-00A0C91BC942}") = "RandomNumberGenerator", "RandomNumberGenerator\RandomNumberGenerator.vcxproj", "{86275063-BE1A-4625-9AC6-2E715FB6FB40}"
EndProject
Global
	GlobalSection(SolutionConfigurationPlatforms) = preSolution
		Debug|x64 = Debug|x64
		Debug|x86 = Debug|x86
		Release|x64 = Release|x64
		Release|x86 = Release|x86
	EndGlobalSection
	GlobalSection(ProjectConfigurationPlatforms) = postSolution
		{86275063-BE1A-4625-9AC6-2E715FB6FB40}.Debug|x64.ActiveCfg = Debug|x64
		{86275063-BE1A-4625-9AC6-2E715FB6FB40}.Debug|x64.Build.0 = Debug|x64
		{86275063-BE1A-4625-9AC6-2E715FB6FB40}.Debug|x86.ActiveCfg = Debug|Win32
		{86275063-BE1A-4625-9AC6-2E715FB6FB40}.Debug|x86.Build.0 = Debug|Win32
		{86275063-BE1A-4625-9AC6-2E715FB6FB40}.Release|x64.ActiveCfg = Release|x64
		{86275063-BE1A-4625-9AC6-2E715FB6FB40}.Release|x64.Build.0 = Release|x64
		{86275063-BE1A-4625-9AC6-2E715FB6FB40}.Release|x86.ActiveCfg = Release|Win32
		{86275063-BE1A-4625-9AC6-2E715FB6FB40}.Release|x86.Build.0 = Release|Win32
	EndGlobalSection
	GlobalSection(SolutionProperties) = preSolution
		HideSolutionNode = FALSE
	EndGlobalSection
	GlobalSection(ExtensibilityGlobals) = postSolution
		SolutionGuid = {BE7FC353-4BD4-4064-8136-FA0355591B4A}
	EndGlobalSection
EndGlobal
