
Microsoft Visual Studio Solution File, Format Version 12.00
# Visual Studio Version 17
VisualStudioVersion = 17.0.31423.177
MinimumVisualStudioVersion = 10.0.40219.1
Project("{8BC9CEB8-8B4A-11D0-8D11-00A0C91BC942}") = "ChangeCounterGame", "ChangeCounterGame\ChangeCounterGame.vcxproj", "{8FF4572A-114E-4C10-A497-3C22E210240B}"
EndProject
Global
	GlobalSection(SolutionConfigurationPlatforms) = preSolution
		Debug|x64 = Debug|x64
		Debug|x86 = Debug|x86
		Release|x64 = Release|x64
		Release|x86 = Release|x86
	EndGlobalSection
	GlobalSection(ProjectConfigurationPlatforms) = postSolution
		{8FF4572A-114E-4C10-A497-3C22E210240B}.Debug|x64.ActiveCfg = Debug|x64
		{8FF4572A-114E-4C10-A497-3C22E210240B}.Debug|x64.Build.0 = Debug|x64
		{8FF4572A-114E-4C10-A497-3C22E210240B}.Debug|x86.ActiveCfg = Debug|Win32
		{8FF4572A-114E-4C10-A497-3C22E210240B}.Debug|x86.Build.0 = Debug|Win32
		{8FF4572A-114E-4C10-A497-3C22E210240B}.Release|x64.ActiveCfg = Release|x64
		{8FF4572A-114E-4C10-A497-3C22E210240B}.Release|x64.Build.0 = Release|x64
		{8FF4572A-114E-4C10-A497-3C22E210240B}.Release|x86.ActiveCfg = Release|Win32
		{8FF4572A-114E-4C10-A497-3C22E210240B}.Release|x86.Build.0 = Release|Win32
	EndGlobalSection
	GlobalSection(SolutionProperties) = preSolution
		HideSolutionNode = FALSE
	EndGlobalSection
	GlobalSection(ExtensibilityGlobals) = postSolution
		SolutionGuid = {9FCD1151-7DAE-44D1-89C5-1CA07DC58DF4}
	EndGlobalSection
EndGlobal
