
Microsoft Visual Studio Solution File, Format Version 12.00
# Visual Studio Version 16
VisualStudioVersion = 16.0.31402.337
MinimumVisualStudioVersion = 10.0.40219.1
Project("{8BC9CEB8-8B4A-11D0-8D11-00A0C91BC942}") = "ConsoleApplication1", "ConsoleApplication1\ConsoleApplication1.vcxproj", "{DA3142ED-D812-4450-A635-1E0FF54A10FD}"
EndProject
Global
	GlobalSection(SolutionConfigurationPlatforms) = preSolution
		Debug|x64 = Debug|x64
		Debug|x86 = Debug|x86
		Release|x64 = Release|x64
		Release|x86 = Release|x86
	EndGlobalSection
	GlobalSection(ProjectConfigurationPlatforms) = postSolution
		{DA3142ED-D812-4450-A635-1E0FF54A10FD}.Debug|x64.ActiveCfg = Debug|x64
		{DA3142ED-D812-4450-A635-1E0FF54A10FD}.Debug|x64.Build.0 = Debug|x64
		{DA3142ED-D812-4450-A635-1E0FF54A10FD}.Debug|x86.ActiveCfg = Debug|Win32
		{DA3142ED-D812-4450-A635-1E0FF54A10FD}.Debug|x86.Build.0 = Debug|Win32
		{DA3142ED-D812-4450-A635-1E0FF54A10FD}.Release|x64.ActiveCfg = Release|x64
		{DA3142ED-D812-4450-A635-1E0FF54A10FD}.Release|x64.Build.0 = Release|x64
		{DA3142ED-D812-4450-A635-1E0FF54A10FD}.Release|x86.ActiveCfg = Release|Win32
		{DA3142ED-D812-4450-A635-1E0FF54A10FD}.Release|x86.Build.0 = Release|Win32
	EndGlobalSection
	GlobalSection(SolutionProperties) = preSolution
		HideSolutionNode = FALSE
	EndGlobalSection
	GlobalSection(ExtensibilityGlobals) = postSolution
		SolutionGuid = {C644A3CA-BD33-4B32-AB7E-3773E36C2F76}
	EndGlobalSection
EndGlobal
