
Microsoft Visual Studio Solution File, Format Version 12.00
# Visual Studio Version 16
VisualStudioVersion = 16.0.31402.337
MinimumVisualStudioVersion = 10.0.40219.1
Project("{8BC9CEB8-8B4A-11D0-8D11-00A0C91BC942}") = "DiazJimenez_J_Program1", "DiazJimenez_J_Program1\DiazJimenez_J_Program1.vcxproj", "{8174F9BC-DF32-4645-8FF5-1C9F8FC63641}"
EndProject
Global
	GlobalSection(SolutionConfigurationPlatforms) = preSolution
		Debug|x64 = Debug|x64
		Debug|x86 = Debug|x86
		Release|x64 = Release|x64
		Release|x86 = Release|x86
	EndGlobalSection
	GlobalSection(ProjectConfigurationPlatforms) = postSolution
		{8174F9BC-DF32-4645-8FF5-1C9F8FC63641}.Debug|x64.ActiveCfg = Debug|x64
		{8174F9BC-DF32-4645-8FF5-1C9F8FC63641}.Debug|x64.Build.0 = Debug|x64
		{8174F9BC-DF32-4645-8FF5-1C9F8FC63641}.Debug|x86.ActiveCfg = Debug|Win32
		{8174F9BC-DF32-4645-8FF5-1C9F8FC63641}.Debug|x86.Build.0 = Debug|Win32
		{8174F9BC-DF32-4645-8FF5-1C9F8FC63641}.Release|x64.ActiveCfg = Release|x64
		{8174F9BC-DF32-4645-8FF5-1C9F8FC63641}.Release|x64.Build.0 = Release|x64
		{8174F9BC-DF32-4645-8FF5-1C9F8FC63641}.Release|x86.ActiveCfg = Release|Win32
		{8174F9BC-DF32-4645-8FF5-1C9F8FC63641}.Release|x86.Build.0 = Release|Win32
	EndGlobalSection
	GlobalSection(SolutionProperties) = preSolution
		HideSolutionNode = FALSE
	EndGlobalSection
	GlobalSection(ExtensibilityGlobals) = postSolution
		SolutionGuid = {F2F2B904-52A0-4697-89E2-02A07F63FA19}
	EndGlobalSection
EndGlobal
